# 门锁 / 门铃事件专用配置
#
# 这个文件放在仓库内，作为 Miloco 的门锁默认配置模板；运行时加载优先级低于
# $MILOCO_HOME/config.json 和 MILOCO_* 环境变量，高于通用 settings.yaml。
#
# 生产使用建议：
# - 把真实 did、siid、eiid、session_key 写入 $MILOCO_HOME/config.json，避免把个人设备
#   标识和本机 OpenClaw 会话提交到仓库；
# - 若要在仓库分支里固定某套开发环境，可直接修改本文件。
#
# MIoT 事件 topic 形如：
#   device/{did}/up/event_occured/{siid}/{eiid}
# 注意：MIoT broker/topic 使用历史拼写 event_occured，不是 event_occurred。
# 完整部署流程见：knowledge/06-dev-guide/doorlock-doorbell-audio.md

miot:
  # doorbell_did
  #   门锁/门铃设备的 MIoT did。
  #   为空（null 或 ""）时，Miloco 不订阅门铃事件，也不会向 OpenClaw 投递门铃消息。
  #   可从日志 [DEBUG-EVENT] topic=device/{did}/... 或设备列表里取得。
  doorbell_did: null

  # doorbell_siid
  #   门铃事件所在服务的 siid。与 doorbell_eiid 一起定位具体事件。
  #   当前已验证的小米智能门锁 5 Max 内外双摄门铃事件为 siid=7。
  doorbell_siid: 7

  # doorbell_eiid
  #   门铃事件的 eiid。与 doorbell_siid 一起定位具体事件。
  #   当前已验证的小米智能门锁 5 Max 内外双摄门铃事件为 eiid=1006。
  doorbell_eiid: 1006

  # doorbell_session_key
  #   门铃事件要投递到的 OpenClaw sessionKey。
  #   例如浏览器 URL：
  #     http://127.0.0.1:18789/chat?session=agent%3Amain%3Adashboard%3Axxxx
  #   对应 sessionKey：
  #     agent:main:dashboard:xxxx
  #   为空时使用 Miloco 默认 owner-channel 路由（由 OpenClaw 解析最近/已绑定通知会话）。
  #   注意：门锁“播放 OpenClaw 回复文本”依赖固定 session 的同步返回；如果这里为空，
  #   仍会投递事件，但不会执行门锁唤醒和回复音频播放。
  doorbell_session_key: null

  # doorbell_wake_action_iid
  #   OpenClaw 回复完成后、发送门锁音频前调用的门锁唤醒 action。
  #   格式固定为 action.{siid}.{aiid}，会通过 MIoT action 调用执行，参数为空列表 []。
  #   当前已验证唤醒命令等价于：
  #     miloco-cli device action <did> action.17.3
  #   为空（null 或 ""）时 OpenClaw 侧回退默认 action.17.3。当前链路要求播放音频前先唤醒。
  doorbell_wake_action_iid: action.17.3

  # doorbell_reply_audio_command
  #   播放 OpenClaw 回复文本的外部命令参数列表。Miloco 只把该请求随 webhook 交给
  #   OpenClaw 插件；真正的 TTS、ffmpeg 转码、audio_sender 发送都在 OpenClaw 侧执行。
  #   OpenClaw 插件会先执行 doorbell_wake_action_iid 唤醒门锁，再执行该音频命令。
  #   为空（null）时不请求 OpenClaw 播放音频；适合先只验证“收到事件并生成回复”。
  #   支持占位符：
  #     {text}  OpenClaw 回复文本
  #     {did}   门锁 did
  #     {siid}  门铃事件 siid
  #     {eiid}  门铃事件 eiid
  #   示例（按你的本机脚本实际参数调整）：
  #     ["/path/to/send-doorlock-audio", "--did", "{did}", "--text", "{text}"]
  #   如果脚本需要先把文本转 PCM，再用 audio_sender 发到门锁，可把这些步骤封装到一个脚本里，
  #   然后在这里配置该脚本路径和 {text} 参数。
  doorbell_reply_audio_command: null
